{
  "name": "@bim-studio-benchmarks/babylon-web",
  "version": "0.1.0",
  "lockfileVersion": 3,
  "requires": true,
  "packages": {
    "": {
      "name": "@bim-studio-benchmarks/babylon-web",
      "version": "0.1.0",
      "dependencies": {
        "@babylonjs/core": "9.26.1"
      }
    },
    "node_modules/@babylonjs/core": {
      "version": "9.26.1",
      "resolved": "https://registry.npmjs.org/@babylonjs/core/-/core-9.26.1.tgz",
      "integrity": "sha512-gaLZVEXih7DZ2VUxFK/BMJbX5o63mbjbqk68UtDtmJQXc0hwDmmdxrreYTK6Yy+FzGyY5niYkmuXXX9jZ9bxAw==",
      "license": "Apache-2.0"
    }
  }
}
